
Microsoft Visual Studio Solution File, Format Version 12.00
# Visual Studio Version 16
VisualStudioVersion = 16.0.29920.165
MinimumVisualStudioVersion = 10.0.40219.1
Project("{FAE04EC0-301F-11D3-BF4B-00C04F79EFBC}") = "ADDnD", "ADDnD\ADDnD.csproj", "{4590023C-74AA-414A-A66F-6AEF59B1A519}"
EndProject
Global
	GlobalSection(SolutionConfigurationPlatforms) = preSolution
		Debug|Any CPU = Debug|Any CPU
		Release|Any CPU = Release|Any CPU
	EndGlobalSection
	GlobalSection(ProjectConfigurationPlatforms) = postSolution
		{4590023C-74AA-414A-A66F-6AEF59B1A519}.Debug|Any CPU.ActiveCfg = Debug|Any CPU
		{4590023C-74AA-414A-A66F-6AEF59B1A519}.Debug|Any CPU.Build.0 = Debug|Any CPU
		{4590023C-74AA-414A-A66F-6AEF59B1A519}.Release|Any CPU.ActiveCfg = Release|Any CPU
		{4590023C-74AA-414A-A66F-6AEF59B1A519}.Release|Any CPU.Build.0 = Release|Any CPU
	EndGlobalSection
	GlobalSection(SolutionProperties) = preSolution
		HideSolutionNode = FALSE
	EndGlobalSection
	GlobalSection(ExtensibilityGlobals) = postSolution
		SolutionGuid = {F46E2DA1-6E87-4F00-8419-97BE8F964F79}
	EndGlobalSection
EndGlobal
